
Microsoft Visual Studio Solution File, Format Version 12.00
# Visual Studio Version 16
VisualStudioVersion = 16.0.30907.101
MinimumVisualStudioVersion = 10.0.40219.1
Project("{9A19103F-16F7-4668-BE54-9A1E7A4F7556}") = "DataAccess", "DataAccess\DataAccess.csproj", "{46705020-244C-496D-BAD9-7AEB2DBCB917}"
EndProject
Project("{9A19103F-16F7-4668-BE54-9A1E7A4F7556}") = "Business", "Business\Business.csproj", "{43B02C1D-D07D-49C5-BD60-A5B3D244D367}"
EndProject
Project("{9A19103F-16F7-4668-BE54-9A1E7A4F7556}") = "Entities", "Entities\Entities.csproj", "{CFAEBC84-0681-4D10-99DF-BC512128B2B8}"
EndProject
Project("{9A19103F-16F7-4668-BE54-9A1E7A4F7556}") = "ConsoleUI", "ConsoleUI\ConsoleUI.csproj", "{CFF4A980-25CF-4C56-AC41-CD8EF52E7EB3}"
EndProject
Project("{9A19103F-16F7-4668-BE54-9A1E7A4F7556}") = "Core", "Core\Core.csproj", "{3B3F78EA-9EEC-42B0-A436-749236E86669}"
EndProject
Project("{FAE04EC0-301F-11D3-BF4B-00C04F79EFBC}") = "WebAPI", "WebAPI\WebAPI.csproj", "{A7DDEE1D-0A91-4C19-95EA-11C1B2E0BB72}"
EndProject
Global
	GlobalSection(SolutionConfigurationPlatforms) = preSolution
		Debug|Any CPU = Debug|Any CPU
		Release|Any CPU = Release|Any CPU
	EndGlobalSection
	GlobalSection(ProjectConfigurationPlatforms) = postSolution
		{46705020-244C-496D-BAD9-7AEB2DBCB917}.Debug|Any CPU.ActiveCfg = Debug|Any CPU
		{46705020-244C-496D-BAD9-7AEB2DBCB917}.Debug|Any CPU.Build.0 = Debug|Any CPU
		{46705020-244C-496D-BAD9-7AEB2DBCB917}.Release|Any CPU.ActiveCfg = Release|Any CPU
		{46705020-244C-496D-BAD9-7AEB2DBCB917}.Release|Any CPU.Build.0 = Release|Any CPU
		{43B02C1D-D07D-49C5-BD60-A5B3D244D367}.Debug|Any CPU.ActiveCfg = Debug|Any CPU
		{43B02C1D-D07D-49C5-BD60-A5B3D244D367}.Debug|Any CPU.Build.0 = Debug|Any CPU
		{43B02C1D-D07D-49C5-BD60-A5B3D244D367}.Release|Any CPU.ActiveCfg = Release|Any CPU
		{43B02C1D-D07D-49C5-BD60-A5B3D244D367}.Release|Any CPU.Build.0 = Release|Any CPU
		{CFAEBC84-0681-4D10-99DF-BC512128B2B8}.Debug|Any CPU.ActiveCfg = Debug|Any CPU
		{CFAEBC84-0681-4D10-99DF-BC512128B2B8}.Debug|Any CPU.Build.0 = Debug|Any CPU
		{CFAEBC84-0681-4D10-99DF-BC512128B2B8}.Release|Any CPU.ActiveCfg = Release|Any CPU
		{CFAEBC84-0681-4D10-99DF-BC512128B2B8}.Release|Any CPU.Build.0 = Release|Any CPU
		{CFF4A980-25CF-4C56-AC41-CD8EF52E7EB3}.Debug|Any CPU.ActiveCfg = Debug|Any CPU
		{CFF4A980-25CF-4C56-AC41-CD8EF52E7EB3}.Debug|Any CPU.Build.0 = Debug|Any CPU
		{CFF4A980-25CF-4C56-AC41-CD8EF52E7EB3}.Release|Any CPU.ActiveCfg = Release|Any CPU
		{CFF4A980-25CF-4C56-AC41-CD8EF52E7EB3}.Release|Any CPU.Build.0 = Release|Any CPU
		{3B3F78EA-9EEC-42B0-A436-749236E86669}.Debug|Any CPU.ActiveCfg = Debug|Any CPU
		{3B3F78EA-9EEC-42B0-A436-749236E86669}.Debug|Any CPU.Build.0 = Debug|Any CPU
		{3B3F78EA-9EEC-42B0-A436-749236E86669}.Release|Any CPU.ActiveCfg = Release|Any CPU
		{3B3F78EA-9EEC-42B0-A436-749236E86669}.Release|Any CPU.Build.0 = Release|Any CPU
		{A7DDEE1D-0A91-4C19-95EA-11C1B2E0BB72}.Debug|Any CPU.ActiveCfg = Debug|Any CPU
		{A7DDEE1D-0A91-4C19-95EA-11C1B2E0BB72}.Debug|Any CPU.Build.0 = Debug|Any CPU
		{A7DDEE1D-0A91-4C19-95EA-11C1B2E0BB72}.Release|Any CPU.ActiveCfg = Release|Any CPU
		{A7DDEE1D-0A91-4C19-95EA-11C1B2E0BB72}.Release|Any CPU.Build.0 = Release|Any CPU
	EndGlobalSection
	GlobalSection(SolutionProperties) = preSolution
		HideSolutionNode = FALSE
	EndGlobalSection
	GlobalSection(ExtensibilityGlobals) = postSolution
		SolutionGuid = {2AF93FE5-EFCF-4BDC-9953-68EBEE9EE6C8}
	EndGlobalSection
EndGlobal
